
Microsoft Visual Studio Solution File, Format Version 12.00
# Visual Studio Version 16
VisualStudioVersion = 16.0.32126.315
MinimumVisualStudioVersion = 10.0.40219.1
Project("{FAE04EC0-301F-11D3-BF4B-00C04F79EFBC}") = "FishMonitoringWPF", "FishMonitoringWPF\FishMonitoringWPF.csproj", "{FDB9DA45-45FA-49F8-BE39-4D1AB79AAB71}"
EndProject
Project("{FAE04EC0-301F-11D3-BF4B-00C04F79EFBC}") = "FishMonitoringCore", "FishMonitoringCore\FishMonitoringCore.csproj", "{377DC3BA-38C5-441D-AB80-37E626949640}"
EndProject
Global
	GlobalSection(SolutionConfigurationPlatforms) = preSolution
		Debug|Any CPU = Debug|Any CPU
		Release|Any CPU = Release|Any CPU
	EndGlobalSection
	GlobalSection(ProjectConfigurationPlatforms) = postSolution
		{FDB9DA45-45FA-49F8-BE39-4D1AB79AAB71}.Debug|Any CPU.ActiveCfg = Debug|Any CPU
		{FDB9DA45-45FA-49F8-BE39-4D1AB79AAB71}.Debug|Any CPU.Build.0 = Debug|Any CPU
		{FDB9DA45-45FA-49F8-BE39-4D1AB79AAB71}.Release|Any CPU.ActiveCfg = Release|Any CPU
		{FDB9DA45-45FA-49F8-BE39-4D1AB79AAB71}.Release|Any CPU.Build.0 = Release|Any CPU
		{377DC3BA-38C5-441D-AB80-37E626949640}.Debug|Any CPU.ActiveCfg = Debug|Any CPU
		{377DC3BA-38C5-441D-AB80-37E626949640}.Debug|Any CPU.Build.0 = Debug|Any CPU
		{377DC3BA-38C5-441D-AB80-37E626949640}.Release|Any CPU.ActiveCfg = Release|Any CPU
		{377DC3BA-38C5-441D-AB80-37E626949640}.Release|Any CPU.Build.0 = Release|Any CPU
	EndGlobalSection
	GlobalSection(SolutionProperties) = preSolution
		HideSolutionNode = FALSE
	EndGlobalSection
	GlobalSection(ExtensibilityGlobals) = postSolution
		SolutionGuid = {A6E9B52D-33B4-4719-9210-010317D1A6F7}
	EndGlobalSection
EndGlobal
